
Microsoft Visual Studio Solution File, Format Version 12.00
# Visual Studio 2010
Project("{2150E333-8FDC-42A3-9474-1A3956D46DE8}") = "1.Client", "1.Client", "{10A5E4F5-9761-4023-A726-210AD91BE2AB}"
EndProject
Project("{2150E333-8FDC-42A3-9474-1A3956D46DE8}") = "2.Proxy", "2.Proxy", "{A390F61D-329A-41B9-8A57-7F785B871EAE}"
EndProject
Project("{2150E333-8FDC-42A3-9474-1A3956D46DE8}") = "4.Contracts", "4.Contracts", "{0BD41C9D-406D-4005-A94F-8CD6407C8077}"
EndProject
Project("{2150E333-8FDC-42A3-9474-1A3956D46DE8}") = "3.Hosts", "3.Hosts", "{8FA4CBC2-7D79-46C4-B0CA-A4BF5E3F3570}"
EndProject
Project("{2150E333-8FDC-42A3-9474-1A3956D46DE8}") = "5.ServiceLayer", "5.ServiceLayer", "{5BD580B1-CBC1-483A-BB78-400A7787E29E}"
EndProject
Project("{FAE04EC0-301F-11D3-BF4B-00C04F79EFBC}") = "QasProofOfConcept", "QasProofOfConcept\QasProofOfConcept.csproj", "{58CDC047-9F9C-44CD-9993-5A7C571DB111}"
EndProject
Project("{FAE04EC0-301F-11D3-BF4B-00C04F79EFBC}") = "Proxy.QAS", "Proxy.QAS\Proxy.QAS.csproj", "{A18B416D-8C35-4964-8577-A37F06485F2F}"
EndProject
Global
	GlobalSection(SolutionConfigurationPlatforms) = preSolution
		Debug|Any CPU = Debug|Any CPU
		Debug|Mixed Platforms = Debug|Mixed Platforms
		Debug|x86 = Debug|x86
		Release|Any CPU = Release|Any CPU
		Release|Mixed Platforms = Release|Mixed Platforms
		Release|x86 = Release|x86
	EndGlobalSection
	GlobalSection(ProjectConfigurationPlatforms) = postSolution
		{58CDC047-9F9C-44CD-9993-5A7C571DB111}.Debug|Any CPU.ActiveCfg = Debug|x86
		{58CDC047-9F9C-44CD-9993-5A7C571DB111}.Debug|Mixed Platforms.ActiveCfg = Debug|x86
		{58CDC047-9F9C-44CD-9993-5A7C571DB111}.Debug|Mixed Platforms.Build.0 = Debug|x86
		{58CDC047-9F9C-44CD-9993-5A7C571DB111}.Debug|x86.ActiveCfg = Debug|x86
		{58CDC047-9F9C-44CD-9993-5A7C571DB111}.Debug|x86.Build.0 = Debug|x86
		{58CDC047-9F9C-44CD-9993-5A7C571DB111}.Release|Any CPU.ActiveCfg = Release|x86
		{58CDC047-9F9C-44CD-9993-5A7C571DB111}.Release|Mixed Platforms.ActiveCfg = Release|x86
		{58CDC047-9F9C-44CD-9993-5A7C571DB111}.Release|Mixed Platforms.Build.0 = Release|x86
		{58CDC047-9F9C-44CD-9993-5A7C571DB111}.Release|x86.ActiveCfg = Release|x86
		{58CDC047-9F9C-44CD-9993-5A7C571DB111}.Release|x86.Build.0 = Release|x86
		{A18B416D-8C35-4964-8577-A37F06485F2F}.Debug|Any CPU.ActiveCfg = Debug|Any CPU
		{A18B416D-8C35-4964-8577-A37F06485F2F}.Debug|Any CPU.Build.0 = Debug|Any CPU
		{A18B416D-8C35-4964-8577-A37F06485F2F}.Debug|Mixed Platforms.ActiveCfg = Debug|Any CPU
		{A18B416D-8C35-4964-8577-A37F06485F2F}.Debug|Mixed Platforms.Build.0 = Debug|Any CPU
		{A18B416D-8C35-4964-8577-A37F06485F2F}.Debug|x86.ActiveCfg = Debug|Any CPU
		{A18B416D-8C35-4964-8577-A37F06485F2F}.Release|Any CPU.ActiveCfg = Release|Any CPU
		{A18B416D-8C35-4964-8577-A37F06485F2F}.Release|Any CPU.Build.0 = Release|Any CPU
		{A18B416D-8C35-4964-8577-A37F06485F2F}.Release|Mixed Platforms.ActiveCfg = Release|Any CPU
		{A18B416D-8C35-4964-8577-A37F06485F2F}.Release|Mixed Platforms.Build.0 = Release|Any CPU
		{A18B416D-8C35-4964-8577-A37F06485F2F}.Release|x86.ActiveCfg = Release|Any CPU
	EndGlobalSection
	GlobalSection(SolutionProperties) = preSolution
		HideSolutionNode = FALSE
	EndGlobalSection
	GlobalSection(NestedProjects) = preSolution
		{58CDC047-9F9C-44CD-9993-5A7C571DB111} = {10A5E4F5-9761-4023-A726-210AD91BE2AB}
		{A18B416D-8C35-4964-8577-A37F06485F2F} = {A390F61D-329A-41B9-8A57-7F785B871EAE}
	EndGlobalSection
EndGlobal
